{
  "requires": true,
  "lockfileVersion": 1,
  "dependencies": {
    "payment": {
      "version": "2.3.0",
      "resolved": "https://registry.npmjs.org/payment/-/payment-2.3.0.tgz",
      "integrity": "sha1-sqlenDBSRZZH2jkmuLZsVT2TCY8=",
      "requires": {
        "qj": "2.0.0"
      }
    },
    "qj": {
      "version": "2.0.0",
      "resolved": "https://registry.npmjs.org/qj/-/qj-2.0.0.tgz",
      "integrity": "sha1-BU3Tt1zgGHKNI6BgXwMN/aC9FYo="
    },
    "react-credit-cards": {
      "version": "0.7.0",
      "resolved": "https://registry.npmjs.org/react-credit-cards/-/react-credit-cards-0.7.0.tgz",
      "integrity": "sha512-BMg8HoKYaBleNw9kyftDW6mq7ZrYa18tUbqJan6NZXhxiBa1ixb5C2xgldgO2/LUHfzymGTL4Yh+zAuorV142Q==",
      "requires": {
        "payment": "2.3.0"
      }
    }
  }
}
